
Microsoft Visual Studio Solution File, Format Version 12.00
# Visual Studio Version 17
VisualStudioVersion = 17.10.35013.160
MinimumVisualStudioVersion = 10.0.40219.1
Project("{FAE04EC0-301F-11D3-BF4B-00C04F79EFBC}") = "RosDotNet", "RosDotNet\RosDotNet.csproj", "{21013378-4E56-47A3-8969-66E0EF8DB4BC}"
EndProject
Global
	GlobalSection(SolutionConfigurationPlatforms) = preSolution
		Debug|Any CPU = Debug|Any CPU
		Release|Any CPU = Release|Any CPU
	EndGlobalSection
	GlobalSection(ProjectConfigurationPlatforms) = postSolution
		{21013378-4E56-47A3-8969-66E0EF8DB4BC}.Debug|Any CPU.ActiveCfg = Debug|Any CPU
		{21013378-4E56-47A3-8969-66E0EF8DB4BC}.Debug|Any CPU.Build.0 = Debug|Any CPU
		{21013378-4E56-47A3-8969-66E0EF8DB4BC}.Release|Any CPU.ActiveCfg = Release|Any CPU
		{21013378-4E56-47A3-8969-66E0EF8DB4BC}.Release|Any CPU.Build.0 = Release|Any CPU
	EndGlobalSection
	GlobalSection(SolutionProperties) = preSolution
		HideSolutionNode = FALSE
	EndGlobalSection
	GlobalSection(ExtensibilityGlobals) = postSolution
		SolutionGuid = {53915AB7-4967-4FEE-AB11-54F58828A10A}
	EndGlobalSection
EndGlobal
